
Microsoft Visual Studio Solution File, Format Version 12.00
# Visual Studio Express 2013 for Windows Desktop
VisualStudioVersion = 12.0.40629.0
MinimumVisualStudioVersion = 10.0.40219.1
Project("{FAE04EC0-301F-11D3-BF4B-00C04F79EFBC}") = "Assembler", "Assembler\Assembler.csproj", "{DAF59207-210B-40BD-BE87-CCB205E8635D}"
EndProject
Global
	GlobalSection(SolutionConfigurationPlatforms) = preSolution
		Debug|Any CPU = Debug|Any CPU
		Release|Any CPU = Release|Any CPU
	EndGlobalSection
	GlobalSection(ProjectConfigurationPlatforms) = postSolution
		{DAF59207-210B-40BD-BE87-CCB205E8635D}.Debug|Any CPU.ActiveCfg = Debug|Any CPU
		{DAF59207-210B-40BD-BE87-CCB205E8635D}.Debug|Any CPU.Build.0 = Debug|Any CPU
		{DAF59207-210B-40BD-BE87-CCB205E8635D}.Release|Any CPU.ActiveCfg = Release|Any CPU
		{DAF59207-210B-40BD-BE87-CCB205E8635D}.Release|Any CPU.Build.0 = Release|Any CPU
	EndGlobalSection
	GlobalSection(SolutionProperties) = preSolution
		HideSolutionNode = FALSE
	EndGlobalSection
EndGlobal
